
Microsoft Visual Studio Solution File, Format Version 12.00
# Visual Studio 15
VisualStudioVersion = 15.0.28307.168
MinimumVisualStudioVersion = 10.0.40219.1
Project("{FAE04EC0-301F-11D3-BF4B-00C04F79EFBC}") = "A3R0SM1TH", "A3R0SM1TH\A3R0SM1TH.csproj", "{23FE6D60-BFA4-4528-A694-C7CDC9BA6F94}"
EndProject
Global
	GlobalSection(SolutionConfigurationPlatforms) = preSolution
		Debug|Any CPU = Debug|Any CPU
		Release|Any CPU = Release|Any CPU
	EndGlobalSection
	GlobalSection(ProjectConfigurationPlatforms) = postSolution
		{23FE6D60-BFA4-4528-A694-C7CDC9BA6F94}.Debug|Any CPU.ActiveCfg = Debug|Any CPU
		{23FE6D60-BFA4-4528-A694-C7CDC9BA6F94}.Debug|Any CPU.Build.0 = Debug|Any CPU
		{23FE6D60-BFA4-4528-A694-C7CDC9BA6F94}.Release|Any CPU.ActiveCfg = Release|Any CPU
		{23FE6D60-BFA4-4528-A694-C7CDC9BA6F94}.Release|Any CPU.Build.0 = Release|Any CPU
	EndGlobalSection
	GlobalSection(SolutionProperties) = preSolution
		HideSolutionNode = FALSE
	EndGlobalSection
	GlobalSection(ExtensibilityGlobals) = postSolution
		SolutionGuid = {A67872BB-E890-465F-8134-DB09E284CF87}
	EndGlobalSection
EndGlobal
